<?xml version="1.0" encoding="utf-8"?>
<Project ToolsVersion="4.0" xmlns="http://schemas.microsoft.com/developer/msbuild/2003">
  <ItemGroup>
    <Filter Include="Source Files">
      <UniqueIdentifier>{4FC737F1-C7A5-4376-A066-2A32D752A2FF}</UniqueIdentifier>
      <Extensions>cpp;c;cc;cxx;c++;cppm;ixx;def;odl;idl;hpj;bat;asm;asmx</Extensions>
    </Filter>
    <Filter Include="Header Files">
      <UniqueIdentifier>{93995380-89BD-4b04-88EB-625FBE52EBFB}</UniqueIdentifier>
      <Extensions>h;hh;hpp;hxx;h++;hm;inl;inc;ipp;xsd</Extensions>
    </Filter>
    <Filter Include="Resource Files">
      <UniqueIdentifier>{67DA6AB6-F800-4c08-8B7A-83BB121AAD01}</UniqueIdentifier>
      <Extensions>rc;ico;cur;bmp;dlg;rc2;rct;bin;rgs;gif;jpg;jpeg;jpe;resx;tiff;tif;png;wav;mfcribbon-ms</Extensions>
    </Filter>
    <Filter Include="shaders">
      <UniqueIdentifier>{d40e34f6-36e4-4cc4-9295-5f1d261a74e5}</UniqueIdentifier>
    </Filter>
    <Filter Include="Header Files\Libraries">
      <UniqueIdentifier>{1479c5e4-5bcc-45e7-a73b-dede3d8ebe93}</UniqueIdentifier>
    </Filter>
    <Filter Include="Source Files\Libraries">
      <UniqueIdentifier>{a23000b7-643d-4db0-ae00-b50567b063e9}</UniqueIdentifier>
    </Filter>
    <Filter Include="Header Files\Camera">
      <UniqueIdentifier>{bcaca6b5-f745-4a8d-b45d-f6779157d632}</UniqueIdentifier>
    </Filter>
    <Filter Include="Source Files\Camera">
      <UniqueIdentifier>{d06c148a-252c-45e8-aff5-96387a231aa9}</UniqueIdentifier>
    </Filter>
    <Filter Include="Header Files\Logic">
      <UniqueIdentifier>{15858e66-f9ff-471b-9eb8-a143d6949cae}</UniqueIdentifier>
    </Filter>
    <Filter Include="Header Files\Utility">
      <UniqueIdentifier>{90ac9b3d-6cec-4741-93af-1d09d95e710b}</UniqueIdentifier>
    </Filter>
    <Filter Include="Source Files\Logic">
      <UniqueIdentifier>{d44cb818-d056-4106-8d77-e05e457ec9f8}</UniqueIdentifier>
    </Filter>
    <Filter Include="Source Files\Utility">
      <UniqueIdentifier>{4c247270-17f2-42b2-8182-45862f9fa8a7}</UniqueIdentifier>
    </Filter>
    <Filter Include="Header Files\Objects">
      <UniqueIdentifier>{00241c07-120f-42f1-b6d9-f29a559790ce}</UniqueIdentifier>
    </Filter>
    <Filter Include="Source Files\Objects">
      <UniqueIdentifier>{51259898-057b-49f0-bb08-07d9175f4193}</UniqueIdentifier>
    </Filter>
    <Filter Include="Header Files\Behaviors">
      <UniqueIdentifier>{4cfa5108-55a5-4744-a586-1a7811bb863b}</UniqueIdentifier>
    </Filter>
  </ItemGroup>
  <ItemGroup>
    <ClCompile Include="source\main.cpp">
      <Filter>Source Files</Filter>
    </ClCompile>
    <ClCompile Include="source\libraries\stb_image.cpp">
      <Filter>Source Files\Libraries</Filter>
    </ClCompile>
    <ClCompile Include="source\camera\MouseCamera.cpp">
      <Filter>Source Files\Camera</Filter>
    </ClCompile>
    <ClCompile Include="source\camera\Follow3rdPersonCamera.cpp">
      <Filter>Source Files\Camera</Filter>
    </ClCompile>
    <ClCompile Include="source\logic\Brain.cpp">
      <Filter>Source Files\Logic</Filter>
    </ClCompile>
    <ClCompile Include="source\utility\KeyboardHandler.cpp">
      <Filter>Source Files\Utility</Filter>
    </ClCompile>
    <ClCompile Include="source\utility\shader.cpp">
      <Filter>Source Files\Utility</Filter>
    </ClCompile>
    <ClCompile Include="source\objects\bird.cpp">
      <Filter>Source Files\Objects</Filter>
    </ClCompile>
    <ClCompile Include="source\utility\MouseHandler.cpp">
      <Filter>Source Files\Utility</Filter>
    </ClCompile>
    <ClCompile Include="source\objects\Sea.cpp">
      <Filter>Source Files\Objects</Filter>
    </ClCompile>
    <ClCompile Include="source\objects\SkyBox.cpp">
      <Filter>Source Files\Objects</Filter>
    </ClCompile>
    <ClCompile Include="header\behaviors\FollowBehavior.h">
      <Filter>Header Files\Behaviors</Filter>
    </ClCompile>
    <ClCompile Include="..\GLAD\src\glad.c">
      <Filter>Source Files\Libraries</Filter>
    </ClCompile>
    <ClCompile Include="source\behaviors\FollowBehavior.cpp">
      <Filter>Source Files</Filter>
    </ClCompile>
    <ClCompile Include="source\behaviors\GoToRandomPointBehavior.cpp">
      <Filter>Source Files</Filter>
    </ClCompile>
    <ClCompile Include="source\objects\Box.cpp">
      <Filter>Source Files</Filter>
    </ClCompile>
  </ItemGroup>
  <ItemGroup>
    <ClInclude Include="header\libraries\stb_image.h">
      <Filter>Header Files\Libraries</Filter>
    </ClInclude>
    <ClInclude Include="header\camera\MouseCamera.h">
      <Filter>Header Files\Camera</Filter>
    </ClInclude>
    <ClInclude Include="header\camera\Follow3rdPersonCamera.h">
      <Filter>Header Files\Camera</Filter>
    </ClInclude>
    <ClInclude Include="header\camera\Camera.h">
      <Filter>Header Files\Camera</Filter>
    </ClInclude>
    <ClInclude Include="header\logic\Brain.h">
      <Filter>Header Files\Logic</Filter>
    </ClInclude>
    <ClInclude Include="header\logic\ThinkThing.h">
      <Filter>Header Files\Logic</Filter>
    </ClInclude>
    <ClInclude Include="header\utility\KeyboardHandler.h">
      <Filter>Header Files\Utility</Filter>
    </ClInclude>
    <ClInclude Include="header\utility\shader.h">
      <Filter>Header Files\Utility</Filter>
    </ClInclude>
    <ClInclude Include="header\objects\bird.h">
      <Filter>Header Files\Objects</Filter>
    </ClInclude>
    <ClInclude Include="header\objects\Object.h">
      <Filter>Header Files\Objects</Filter>
    </ClInclude>
    <ClInclude Include="header\utility\MouseHandler.h">
      <Filter>Header Files\Utility</Filter>
    </ClInclude>
    <ClInclude Include="header\objects\Sea.h">
      <Filter>Header Files\Objects</Filter>
    </ClInclude>
    <ClInclude Include="header\objects\SkyBox.h">
      <Filter>Header Files\Objects</Filter>
    </ClInclude>
    <ClInclude Include="header\behaviors\BehaviorTarget.h">
      <Filter>Header Files\Behaviors</Filter>
    </ClInclude>
    <ClInclude Include="header\behaviors\GoToRandomPointBehavior.h">
      <Filter>Header Files</Filter>
    </ClInclude>
    <ClInclude Include="header\objects\Box.h">
      <Filter>Header Files</Filter>
    </ClInclude>
  </ItemGroup>
  <ItemGroup>
    <None Include="shaders\shader.vs">
      <Filter>shaders</Filter>
    </None>
    <None Include="shaders\shader.fs">
      <Filter>shaders</Filter>
    </None>
    <None Include="shaders\birdShader.vs">
      <Filter>shaders</Filter>
    </None>
    <None Include="shaders\birdShader.fs">
      <Filter>shaders</Filter>
    </None>
    <None Include="shaders\skyboxShader.fs">
      <Filter>shaders</Filter>
    </None>
    <None Include="shaders\skyboxShader.vs">
      <Filter>shaders</Filter>
    </None>
    <None Include="shaders\basicLightingShader.fs" />
    <None Include="shaders\normalShader.vs" />
  </ItemGroup>
  <ItemGroup>
    <Image Include="resources\back.jpg">
      <Filter>Resource Files</Filter>
    </Image>
    <Image Include="resources\bottom.jpg">
      <Filter>Resource Files</Filter>
    </Image>
    <Image Include="resources\front.jpg">
      <Filter>Resource Files</Filter>
    </Image>
    <Image Include="resources\left.jpg">
      <Filter>Resource Files</Filter>
    </Image>
    <Image Include="resources\right.jpg">
      <Filter>Resource Files</Filter>
    </Image>
    <Image Include="resources\top.jpg">
      <Filter>Resource Files</Filter>
    </Image>
  </ItemGroup>
</Project>